
Microsoft Visual Studio Solution File, Format Version 12.00
# Visual Studio 15
VisualStudioVersion = 15.0.27703.2047
MinimumVisualStudioVersion = 10.0.40219.1
Project("{FAE04EC0-301F-11D3-BF4B-00C04F79EFBC}") = "ChatBot", "ChatBot\ChatBot.csproj", "{D533938C-7037-46B2-AD81-D6787B9330A4}"
EndProject
Project("{FAE04EC0-301F-11D3-BF4B-00C04F79EFBC}") = "ChatBotTests", "ChatBotTests\ChatBotTests.csproj", "{752CBC54-941F-4760-8112-FD8FB61D9359}"
EndProject
Global
	GlobalSection(SolutionConfigurationPlatforms) = preSolution
		Debug|Any CPU = Debug|Any CPU
		Release|Any CPU = Release|Any CPU
	EndGlobalSection
	GlobalSection(ProjectConfigurationPlatforms) = postSolution
		{D533938C-7037-46B2-AD81-D6787B9330A4}.Debug|Any CPU.ActiveCfg = Debug|Any CPU
		{D533938C-7037-46B2-AD81-D6787B9330A4}.Debug|Any CPU.Build.0 = Debug|Any CPU
		{D533938C-7037-46B2-AD81-D6787B9330A4}.Release|Any CPU.ActiveCfg = Release|Any CPU
		{D533938C-7037-46B2-AD81-D6787B9330A4}.Release|Any CPU.Build.0 = Release|Any CPU
		{752CBC54-941F-4760-8112-FD8FB61D9359}.Debug|Any CPU.ActiveCfg = Debug|Any CPU
		{752CBC54-941F-4760-8112-FD8FB61D9359}.Debug|Any CPU.Build.0 = Debug|Any CPU
		{752CBC54-941F-4760-8112-FD8FB61D9359}.Release|Any CPU.ActiveCfg = Release|Any CPU
		{752CBC54-941F-4760-8112-FD8FB61D9359}.Release|Any CPU.Build.0 = Release|Any CPU
	EndGlobalSection
	GlobalSection(SolutionProperties) = preSolution
		HideSolutionNode = FALSE
	EndGlobalSection
	GlobalSection(ExtensibilityGlobals) = postSolution
		SolutionGuid = {5947C6EB-ACE9-4472-995B-4CADD129B396}
	EndGlobalSection
EndGlobal
